
Microsoft Visual Studio Solution File, Format Version 12.00
# Visual Studio Version 16
VisualStudioVersion = 16.0.30309.148
MinimumVisualStudioVersion = 10.0.40219.1
Project("{FAE04EC0-301F-11D3-BF4B-00C04F79EFBC}") = "problem11", "problem11\problem11.csproj", "{3635F89D-8D1E-4CC2-B779-DA4215E2A8FE}"
EndProject
Global
	GlobalSection(SolutionConfigurationPlatforms) = preSolution
		Debug|Any CPU = Debug|Any CPU
		Release|Any CPU = Release|Any CPU
	EndGlobalSection
	GlobalSection(ProjectConfigurationPlatforms) = postSolution
		{3635F89D-8D1E-4CC2-B779-DA4215E2A8FE}.Debug|Any CPU.ActiveCfg = Debug|Any CPU
		{3635F89D-8D1E-4CC2-B779-DA4215E2A8FE}.Debug|Any CPU.Build.0 = Debug|Any CPU
		{3635F89D-8D1E-4CC2-B779-DA4215E2A8FE}.Release|Any CPU.ActiveCfg = Release|Any CPU
		{3635F89D-8D1E-4CC2-B779-DA4215E2A8FE}.Release|Any CPU.Build.0 = Release|Any CPU
	EndGlobalSection
	GlobalSection(SolutionProperties) = preSolution
		HideSolutionNode = FALSE
	EndGlobalSection
	GlobalSection(ExtensibilityGlobals) = postSolution
		SolutionGuid = {3EA5E8AC-1BC0-4E16-9370-2CC834E7CC18}
	EndGlobalSection
EndGlobal
