
Microsoft Visual Studio Solution File, Format Version 12.00
# Visual Studio Version 16
VisualStudioVersion = 16.0.30309.148
MinimumVisualStudioVersion = 10.0.40219.1
Project("{FAE04EC0-301F-11D3-BF4B-00C04F79EFBC}") = "problem6", "problem6\problem6.csproj", "{A34B28F8-DB07-41D7-8F2C-79E46458C32C}"
EndProject
Global
	GlobalSection(SolutionConfigurationPlatforms) = preSolution
		Debug|Any CPU = Debug|Any CPU
		Release|Any CPU = Release|Any CPU
	EndGlobalSection
	GlobalSection(ProjectConfigurationPlatforms) = postSolution
		{A34B28F8-DB07-41D7-8F2C-79E46458C32C}.Debug|Any CPU.ActiveCfg = Debug|Any CPU
		{A34B28F8-DB07-41D7-8F2C-79E46458C32C}.Debug|Any CPU.Build.0 = Debug|Any CPU
		{A34B28F8-DB07-41D7-8F2C-79E46458C32C}.Release|Any CPU.ActiveCfg = Release|Any CPU
		{A34B28F8-DB07-41D7-8F2C-79E46458C32C}.Release|Any CPU.Build.0 = Release|Any CPU
	EndGlobalSection
	GlobalSection(SolutionProperties) = preSolution
		HideSolutionNode = FALSE
	EndGlobalSection
	GlobalSection(ExtensibilityGlobals) = postSolution
		SolutionGuid = {6FFA236C-73A4-4DE2-A7F6-DD868715DA29}
	EndGlobalSection
EndGlobal
