
Microsoft Visual Studio Solution File, Format Version 12.00
# Visual Studio Version 16
VisualStudioVersion = 16.0.30309.148
MinimumVisualStudioVersion = 10.0.40219.1
Project("{FAE04EC0-301F-11D3-BF4B-00C04F79EFBC}") = "problem10", "problem11\problem10.csproj", "{31E944E2-8AB7-47B4-8C31-BF274F18BA45}"
EndProject
Global
	GlobalSection(SolutionConfigurationPlatforms) = preSolution
		Debug|Any CPU = Debug|Any CPU
		Release|Any CPU = Release|Any CPU
	EndGlobalSection
	GlobalSection(ProjectConfigurationPlatforms) = postSolution
		{31E944E2-8AB7-47B4-8C31-BF274F18BA45}.Debug|Any CPU.ActiveCfg = Debug|Any CPU
		{31E944E2-8AB7-47B4-8C31-BF274F18BA45}.Debug|Any CPU.Build.0 = Debug|Any CPU
		{31E944E2-8AB7-47B4-8C31-BF274F18BA45}.Release|Any CPU.ActiveCfg = Release|Any CPU
		{31E944E2-8AB7-47B4-8C31-BF274F18BA45}.Release|Any CPU.Build.0 = Release|Any CPU
	EndGlobalSection
	GlobalSection(SolutionProperties) = preSolution
		HideSolutionNode = FALSE
	EndGlobalSection
	GlobalSection(ExtensibilityGlobals) = postSolution
		SolutionGuid = {674AD623-A123-40D8-AB49-B8DDDB018612}
	EndGlobalSection
EndGlobal
