
Microsoft Visual Studio Solution File, Format Version 12.00
# Visual Studio Version 16
VisualStudioVersion = 16.0.30309.148
MinimumVisualStudioVersion = 10.0.40219.1
Project("{FAE04EC0-301F-11D3-BF4B-00C04F79EFBC}") = "problem11", "problem11\problem11.csproj", "{2F72EC94-9516-4F92-B30E-B67306100CCD}"
EndProject
Global
	GlobalSection(SolutionConfigurationPlatforms) = preSolution
		Debug|Any CPU = Debug|Any CPU
		Release|Any CPU = Release|Any CPU
	EndGlobalSection
	GlobalSection(ProjectConfigurationPlatforms) = postSolution
		{2F72EC94-9516-4F92-B30E-B67306100CCD}.Debug|Any CPU.ActiveCfg = Debug|Any CPU
		{2F72EC94-9516-4F92-B30E-B67306100CCD}.Debug|Any CPU.Build.0 = Debug|Any CPU
		{2F72EC94-9516-4F92-B30E-B67306100CCD}.Release|Any CPU.ActiveCfg = Release|Any CPU
		{2F72EC94-9516-4F92-B30E-B67306100CCD}.Release|Any CPU.Build.0 = Release|Any CPU
	EndGlobalSection
	GlobalSection(SolutionProperties) = preSolution
		HideSolutionNode = FALSE
	EndGlobalSection
	GlobalSection(ExtensibilityGlobals) = postSolution
		SolutionGuid = {2450EDD4-7FF1-4D2F-9E50-5EB4B165C6DE}
	EndGlobalSection
EndGlobal
