
Microsoft Visual Studio Solution File, Format Version 12.00
# Visual Studio Version 16
VisualStudioVersion = 16.0.30309.148
MinimumVisualStudioVersion = 10.0.40219.1
Project("{FAE04EC0-301F-11D3-BF4B-00C04F79EFBC}") = "problem17", "problem17\problem17.csproj", "{D5B1A2DE-7586-4F2D-A0D2-4C3ECA593216}"
EndProject
Global
	GlobalSection(SolutionConfigurationPlatforms) = preSolution
		Debug|Any CPU = Debug|Any CPU
		Release|Any CPU = Release|Any CPU
	EndGlobalSection
	GlobalSection(ProjectConfigurationPlatforms) = postSolution
		{D5B1A2DE-7586-4F2D-A0D2-4C3ECA593216}.Debug|Any CPU.ActiveCfg = Debug|Any CPU
		{D5B1A2DE-7586-4F2D-A0D2-4C3ECA593216}.Debug|Any CPU.Build.0 = Debug|Any CPU
		{D5B1A2DE-7586-4F2D-A0D2-4C3ECA593216}.Release|Any CPU.ActiveCfg = Release|Any CPU
		{D5B1A2DE-7586-4F2D-A0D2-4C3ECA593216}.Release|Any CPU.Build.0 = Release|Any CPU
	EndGlobalSection
	GlobalSection(SolutionProperties) = preSolution
		HideSolutionNode = FALSE
	EndGlobalSection
	GlobalSection(ExtensibilityGlobals) = postSolution
		SolutionGuid = {8276CC02-8EC2-4F45-976C-05C7A2047567}
	EndGlobalSection
EndGlobal
