
Microsoft Visual Studio Solution File, Format Version 12.00
# Visual Studio Version 16
VisualStudioVersion = 16.0.30309.148
MinimumVisualStudioVersion = 10.0.40219.1
Project("{FAE04EC0-301F-11D3-BF4B-00C04F79EFBC}") = "problem5", "problem5\problem5.csproj", "{28DFBF02-DB48-433E-998C-930EE84866E7}"
EndProject
Global
	GlobalSection(SolutionConfigurationPlatforms) = preSolution
		Debug|Any CPU = Debug|Any CPU
		Release|Any CPU = Release|Any CPU
	EndGlobalSection
	GlobalSection(ProjectConfigurationPlatforms) = postSolution
		{28DFBF02-DB48-433E-998C-930EE84866E7}.Debug|Any CPU.ActiveCfg = Debug|Any CPU
		{28DFBF02-DB48-433E-998C-930EE84866E7}.Debug|Any CPU.Build.0 = Debug|Any CPU
		{28DFBF02-DB48-433E-998C-930EE84866E7}.Release|Any CPU.ActiveCfg = Release|Any CPU
		{28DFBF02-DB48-433E-998C-930EE84866E7}.Release|Any CPU.Build.0 = Release|Any CPU
	EndGlobalSection
	GlobalSection(SolutionProperties) = preSolution
		HideSolutionNode = FALSE
	EndGlobalSection
	GlobalSection(ExtensibilityGlobals) = postSolution
		SolutionGuid = {3E53FD7E-D70D-4DDD-820C-8519B4BEDA95}
	EndGlobalSection
EndGlobal
