
Microsoft Visual Studio Solution File, Format Version 12.00
# Visual Studio Version 16
VisualStudioVersion = 16.0.30309.148
MinimumVisualStudioVersion = 10.0.40219.1
Project("{FAE04EC0-301F-11D3-BF4B-00C04F79EFBC}") = "problem3", "problem3\problem3.csproj", "{0ABAD1D5-ECF4-43D8-A1D7-B2F49DF7FBAB}"
EndProject
Global
	GlobalSection(SolutionConfigurationPlatforms) = preSolution
		Debug|Any CPU = Debug|Any CPU
		Release|Any CPU = Release|Any CPU
	EndGlobalSection
	GlobalSection(ProjectConfigurationPlatforms) = postSolution
		{0ABAD1D5-ECF4-43D8-A1D7-B2F49DF7FBAB}.Debug|Any CPU.ActiveCfg = Debug|Any CPU
		{0ABAD1D5-ECF4-43D8-A1D7-B2F49DF7FBAB}.Debug|Any CPU.Build.0 = Debug|Any CPU
		{0ABAD1D5-ECF4-43D8-A1D7-B2F49DF7FBAB}.Release|Any CPU.ActiveCfg = Release|Any CPU
		{0ABAD1D5-ECF4-43D8-A1D7-B2F49DF7FBAB}.Release|Any CPU.Build.0 = Release|Any CPU
	EndGlobalSection
	GlobalSection(SolutionProperties) = preSolution
		HideSolutionNode = FALSE
	EndGlobalSection
	GlobalSection(ExtensibilityGlobals) = postSolution
		SolutionGuid = {5E8E6EB5-3E2F-429F-B29D-F767FCE82A45}
	EndGlobalSection
EndGlobal
