
Microsoft Visual Studio Solution File, Format Version 12.00
# Visual Studio Version 16
VisualStudioVersion = 16.0.30309.148
MinimumVisualStudioVersion = 10.0.40219.1
Project("{FAE04EC0-301F-11D3-BF4B-00C04F79EFBC}") = "problem4", "problem4\problem4.csproj", "{534E0C58-74B5-4E91-AFB5-85BA69C0BC79}"
EndProject
Global
	GlobalSection(SolutionConfigurationPlatforms) = preSolution
		Debug|Any CPU = Debug|Any CPU
		Release|Any CPU = Release|Any CPU
	EndGlobalSection
	GlobalSection(ProjectConfigurationPlatforms) = postSolution
		{534E0C58-74B5-4E91-AFB5-85BA69C0BC79}.Debug|Any CPU.ActiveCfg = Debug|Any CPU
		{534E0C58-74B5-4E91-AFB5-85BA69C0BC79}.Debug|Any CPU.Build.0 = Debug|Any CPU
		{534E0C58-74B5-4E91-AFB5-85BA69C0BC79}.Release|Any CPU.ActiveCfg = Release|Any CPU
		{534E0C58-74B5-4E91-AFB5-85BA69C0BC79}.Release|Any CPU.Build.0 = Release|Any CPU
	EndGlobalSection
	GlobalSection(SolutionProperties) = preSolution
		HideSolutionNode = FALSE
	EndGlobalSection
	GlobalSection(ExtensibilityGlobals) = postSolution
		SolutionGuid = {8A7B41D6-AA1C-41C7-AEE3-013CEB764361}
	EndGlobalSection
EndGlobal
