
Microsoft Visual Studio Solution File, Format Version 12.00
# Visual Studio Version 16
VisualStudioVersion = 16.0.30309.148
MinimumVisualStudioVersion = 10.0.40219.1
Project("{FAE04EC0-301F-11D3-BF4B-00C04F79EFBC}") = "problem1", "problem1\problem1.csproj", "{A800A216-7559-48BE-A041-EF9E900A6A02}"
EndProject
Global
	GlobalSection(SolutionConfigurationPlatforms) = preSolution
		Debug|Any CPU = Debug|Any CPU
		Release|Any CPU = Release|Any CPU
	EndGlobalSection
	GlobalSection(ProjectConfigurationPlatforms) = postSolution
		{A800A216-7559-48BE-A041-EF9E900A6A02}.Debug|Any CPU.ActiveCfg = Debug|Any CPU
		{A800A216-7559-48BE-A041-EF9E900A6A02}.Debug|Any CPU.Build.0 = Debug|Any CPU
		{A800A216-7559-48BE-A041-EF9E900A6A02}.Release|Any CPU.ActiveCfg = Release|Any CPU
		{A800A216-7559-48BE-A041-EF9E900A6A02}.Release|Any CPU.Build.0 = Release|Any CPU
	EndGlobalSection
	GlobalSection(SolutionProperties) = preSolution
		HideSolutionNode = FALSE
	EndGlobalSection
	GlobalSection(ExtensibilityGlobals) = postSolution
		SolutionGuid = {DC57E962-5F8A-4DB9-8FB5-CE7C973DB3D6}
	EndGlobalSection
EndGlobal
