
Microsoft Visual Studio Solution File, Format Version 12.00
# Visual Studio Version 16
VisualStudioVersion = 16.0.30309.148
MinimumVisualStudioVersion = 10.0.40219.1
Project("{FAE04EC0-301F-11D3-BF4B-00C04F79EFBC}") = "problem9", "problem9\problem9.csproj", "{31B39BBF-CF38-4CCF-BB1B-A5CCE8383F0F}"
EndProject
Global
	GlobalSection(SolutionConfigurationPlatforms) = preSolution
		Debug|Any CPU = Debug|Any CPU
		Release|Any CPU = Release|Any CPU
	EndGlobalSection
	GlobalSection(ProjectConfigurationPlatforms) = postSolution
		{31B39BBF-CF38-4CCF-BB1B-A5CCE8383F0F}.Debug|Any CPU.ActiveCfg = Debug|Any CPU
		{31B39BBF-CF38-4CCF-BB1B-A5CCE8383F0F}.Debug|Any CPU.Build.0 = Debug|Any CPU
		{31B39BBF-CF38-4CCF-BB1B-A5CCE8383F0F}.Release|Any CPU.ActiveCfg = Release|Any CPU
		{31B39BBF-CF38-4CCF-BB1B-A5CCE8383F0F}.Release|Any CPU.Build.0 = Release|Any CPU
	EndGlobalSection
	GlobalSection(SolutionProperties) = preSolution
		HideSolutionNode = FALSE
	EndGlobalSection
	GlobalSection(ExtensibilityGlobals) = postSolution
		SolutionGuid = {A77F87AD-2F0C-430A-BB85-38CDB3AB1AA7}
	EndGlobalSection
EndGlobal
