
Microsoft Visual Studio Solution File, Format Version 12.00
# Visual Studio Version 16
VisualStudioVersion = 16.0.30309.148
MinimumVisualStudioVersion = 10.0.40219.1
Project("{FAE04EC0-301F-11D3-BF4B-00C04F79EFBC}") = "problem5", "problem5\problem5.csproj", "{82A010F9-7855-4FDF-A5F2-6C12B357E374}"
EndProject
Global
	GlobalSection(SolutionConfigurationPlatforms) = preSolution
		Debug|Any CPU = Debug|Any CPU
		Release|Any CPU = Release|Any CPU
	EndGlobalSection
	GlobalSection(ProjectConfigurationPlatforms) = postSolution
		{82A010F9-7855-4FDF-A5F2-6C12B357E374}.Debug|Any CPU.ActiveCfg = Debug|Any CPU
		{82A010F9-7855-4FDF-A5F2-6C12B357E374}.Debug|Any CPU.Build.0 = Debug|Any CPU
		{82A010F9-7855-4FDF-A5F2-6C12B357E374}.Release|Any CPU.ActiveCfg = Release|Any CPU
		{82A010F9-7855-4FDF-A5F2-6C12B357E374}.Release|Any CPU.Build.0 = Release|Any CPU
	EndGlobalSection
	GlobalSection(SolutionProperties) = preSolution
		HideSolutionNode = FALSE
	EndGlobalSection
	GlobalSection(ExtensibilityGlobals) = postSolution
		SolutionGuid = {F13E6E2F-E50B-4A6E-84A9-3159E1B902B9}
	EndGlobalSection
EndGlobal
