
Microsoft Visual Studio Solution File, Format Version 12.00
# Visual Studio Version 16
VisualStudioVersion = 16.0.30309.148
MinimumVisualStudioVersion = 10.0.40219.1
Project("{FAE04EC0-301F-11D3-BF4B-00C04F79EFBC}") = "problem5", "problem5\problem5.csproj", "{98D118AA-90A3-4570-8A1A-D26759FC79C8}"
EndProject
Global
	GlobalSection(SolutionConfigurationPlatforms) = preSolution
		Debug|Any CPU = Debug|Any CPU
		Release|Any CPU = Release|Any CPU
	EndGlobalSection
	GlobalSection(ProjectConfigurationPlatforms) = postSolution
		{98D118AA-90A3-4570-8A1A-D26759FC79C8}.Debug|Any CPU.ActiveCfg = Debug|Any CPU
		{98D118AA-90A3-4570-8A1A-D26759FC79C8}.Debug|Any CPU.Build.0 = Debug|Any CPU
		{98D118AA-90A3-4570-8A1A-D26759FC79C8}.Release|Any CPU.ActiveCfg = Release|Any CPU
		{98D118AA-90A3-4570-8A1A-D26759FC79C8}.Release|Any CPU.Build.0 = Release|Any CPU
	EndGlobalSection
	GlobalSection(SolutionProperties) = preSolution
		HideSolutionNode = FALSE
	EndGlobalSection
	GlobalSection(ExtensibilityGlobals) = postSolution
		SolutionGuid = {D0CF423E-7862-4D40-883D-191FEAC404BD}
	EndGlobalSection
EndGlobal
