
Microsoft Visual Studio Solution File, Format Version 12.00
# Visual Studio Version 16
VisualStudioVersion = 16.0.30309.148
MinimumVisualStudioVersion = 10.0.40219.1
Project("{FAE04EC0-301F-11D3-BF4B-00C04F79EFBC}") = "problem8", "problem8\problem8.csproj", "{BF0E2500-003E-49FD-9627-E050B2B89E56}"
EndProject
Global
	GlobalSection(SolutionConfigurationPlatforms) = preSolution
		Debug|Any CPU = Debug|Any CPU
		Release|Any CPU = Release|Any CPU
	EndGlobalSection
	GlobalSection(ProjectConfigurationPlatforms) = postSolution
		{BF0E2500-003E-49FD-9627-E050B2B89E56}.Debug|Any CPU.ActiveCfg = Debug|Any CPU
		{BF0E2500-003E-49FD-9627-E050B2B89E56}.Debug|Any CPU.Build.0 = Debug|Any CPU
		{BF0E2500-003E-49FD-9627-E050B2B89E56}.Release|Any CPU.ActiveCfg = Release|Any CPU
		{BF0E2500-003E-49FD-9627-E050B2B89E56}.Release|Any CPU.Build.0 = Release|Any CPU
	EndGlobalSection
	GlobalSection(SolutionProperties) = preSolution
		HideSolutionNode = FALSE
	EndGlobalSection
	GlobalSection(ExtensibilityGlobals) = postSolution
		SolutionGuid = {A96C83CE-0E73-439B-AD1D-F98BB60F2D74}
	EndGlobalSection
EndGlobal
