
Microsoft Visual Studio Solution File, Format Version 12.00
# Visual Studio Version 16
VisualStudioVersion = 16.0.30309.148
MinimumVisualStudioVersion = 10.0.40219.1
Project("{FAE04EC0-301F-11D3-BF4B-00C04F79EFBC}") = "problem10", "problem10\problem10.csproj", "{450A190E-2EEE-40BE-BEC0-3B450BFEFBFC}"
EndProject
Global
	GlobalSection(SolutionConfigurationPlatforms) = preSolution
		Debug|Any CPU = Debug|Any CPU
		Release|Any CPU = Release|Any CPU
	EndGlobalSection
	GlobalSection(ProjectConfigurationPlatforms) = postSolution
		{450A190E-2EEE-40BE-BEC0-3B450BFEFBFC}.Debug|Any CPU.ActiveCfg = Debug|Any CPU
		{450A190E-2EEE-40BE-BEC0-3B450BFEFBFC}.Debug|Any CPU.Build.0 = Debug|Any CPU
		{450A190E-2EEE-40BE-BEC0-3B450BFEFBFC}.Release|Any CPU.ActiveCfg = Release|Any CPU
		{450A190E-2EEE-40BE-BEC0-3B450BFEFBFC}.Release|Any CPU.Build.0 = Release|Any CPU
	EndGlobalSection
	GlobalSection(SolutionProperties) = preSolution
		HideSolutionNode = FALSE
	EndGlobalSection
	GlobalSection(ExtensibilityGlobals) = postSolution
		SolutionGuid = {B4939033-3597-4B0B-BD65-44442E8741EE}
	EndGlobalSection
EndGlobal
