
Microsoft Visual Studio Solution File, Format Version 12.00
# Visual Studio Version 16
VisualStudioVersion = 16.0.30309.148
MinimumVisualStudioVersion = 10.0.40219.1
Project("{FAE04EC0-301F-11D3-BF4B-00C04F79EFBC}") = "problem16", "problem16\problem16.csproj", "{1849DFD7-B9FC-4356-A976-DC9E521EB548}"
EndProject
Global
	GlobalSection(SolutionConfigurationPlatforms) = preSolution
		Debug|Any CPU = Debug|Any CPU
		Release|Any CPU = Release|Any CPU
	EndGlobalSection
	GlobalSection(ProjectConfigurationPlatforms) = postSolution
		{1849DFD7-B9FC-4356-A976-DC9E521EB548}.Debug|Any CPU.ActiveCfg = Debug|Any CPU
		{1849DFD7-B9FC-4356-A976-DC9E521EB548}.Debug|Any CPU.Build.0 = Debug|Any CPU
		{1849DFD7-B9FC-4356-A976-DC9E521EB548}.Release|Any CPU.ActiveCfg = Release|Any CPU
		{1849DFD7-B9FC-4356-A976-DC9E521EB548}.Release|Any CPU.Build.0 = Release|Any CPU
	EndGlobalSection
	GlobalSection(SolutionProperties) = preSolution
		HideSolutionNode = FALSE
	EndGlobalSection
	GlobalSection(ExtensibilityGlobals) = postSolution
		SolutionGuid = {2E0FCC31-61A0-480E-909E-7E6B6A3E3AEC}
	EndGlobalSection
EndGlobal
