
Microsoft Visual Studio Solution File, Format Version 12.00
# Visual Studio Version 16
VisualStudioVersion = 16.0.30309.148
MinimumVisualStudioVersion = 10.0.40219.1
Project("{FAE04EC0-301F-11D3-BF4B-00C04F79EFBC}") = "problem9", "problem9\problem9.csproj", "{4785B6C3-4AE4-4B47-A796-663F18E6922C}"
EndProject
Global
	GlobalSection(SolutionConfigurationPlatforms) = preSolution
		Debug|Any CPU = Debug|Any CPU
		Release|Any CPU = Release|Any CPU
	EndGlobalSection
	GlobalSection(ProjectConfigurationPlatforms) = postSolution
		{4785B6C3-4AE4-4B47-A796-663F18E6922C}.Debug|Any CPU.ActiveCfg = Debug|Any CPU
		{4785B6C3-4AE4-4B47-A796-663F18E6922C}.Debug|Any CPU.Build.0 = Debug|Any CPU
		{4785B6C3-4AE4-4B47-A796-663F18E6922C}.Release|Any CPU.ActiveCfg = Release|Any CPU
		{4785B6C3-4AE4-4B47-A796-663F18E6922C}.Release|Any CPU.Build.0 = Release|Any CPU
	EndGlobalSection
	GlobalSection(SolutionProperties) = preSolution
		HideSolutionNode = FALSE
	EndGlobalSection
	GlobalSection(ExtensibilityGlobals) = postSolution
		SolutionGuid = {7430AA44-3A2F-482A-A031-EF75708D92B5}
	EndGlobalSection
EndGlobal
