
Microsoft Visual Studio Solution File, Format Version 12.00
# Visual Studio Version 16
VisualStudioVersion = 16.0.30309.148
MinimumVisualStudioVersion = 10.0.40219.1
Project("{FAE04EC0-301F-11D3-BF4B-00C04F79EFBC}") = "problem7", "problem7\problem7.csproj", "{7AF5D6F9-4D60-4C4D-B265-20FFD7B0750E}"
EndProject
Global
	GlobalSection(SolutionConfigurationPlatforms) = preSolution
		Debug|Any CPU = Debug|Any CPU
		Release|Any CPU = Release|Any CPU
	EndGlobalSection
	GlobalSection(ProjectConfigurationPlatforms) = postSolution
		{7AF5D6F9-4D60-4C4D-B265-20FFD7B0750E}.Debug|Any CPU.ActiveCfg = Debug|Any CPU
		{7AF5D6F9-4D60-4C4D-B265-20FFD7B0750E}.Debug|Any CPU.Build.0 = Debug|Any CPU
		{7AF5D6F9-4D60-4C4D-B265-20FFD7B0750E}.Release|Any CPU.ActiveCfg = Release|Any CPU
		{7AF5D6F9-4D60-4C4D-B265-20FFD7B0750E}.Release|Any CPU.Build.0 = Release|Any CPU
	EndGlobalSection
	GlobalSection(SolutionProperties) = preSolution
		HideSolutionNode = FALSE
	EndGlobalSection
	GlobalSection(ExtensibilityGlobals) = postSolution
		SolutionGuid = {9FF72754-CFB8-415B-92F5-F255A9EF13C2}
	EndGlobalSection
EndGlobal
