
Microsoft Visual Studio Solution File, Format Version 12.00
# Visual Studio Version 16
VisualStudioVersion = 16.0.30309.148
MinimumVisualStudioVersion = 10.0.40219.1
Project("{FAE04EC0-301F-11D3-BF4B-00C04F79EFBC}") = "problem11", "problem11\problem11.csproj", "{85945F0B-33E2-4602-8E77-D8611A539ACD}"
EndProject
Global
	GlobalSection(SolutionConfigurationPlatforms) = preSolution
		Debug|Any CPU = Debug|Any CPU
		Release|Any CPU = Release|Any CPU
	EndGlobalSection
	GlobalSection(ProjectConfigurationPlatforms) = postSolution
		{85945F0B-33E2-4602-8E77-D8611A539ACD}.Debug|Any CPU.ActiveCfg = Debug|Any CPU
		{85945F0B-33E2-4602-8E77-D8611A539ACD}.Debug|Any CPU.Build.0 = Debug|Any CPU
		{85945F0B-33E2-4602-8E77-D8611A539ACD}.Release|Any CPU.ActiveCfg = Release|Any CPU
		{85945F0B-33E2-4602-8E77-D8611A539ACD}.Release|Any CPU.Build.0 = Release|Any CPU
	EndGlobalSection
	GlobalSection(SolutionProperties) = preSolution
		HideSolutionNode = FALSE
	EndGlobalSection
	GlobalSection(ExtensibilityGlobals) = postSolution
		SolutionGuid = {A919414C-9282-4232-A757-3686E2512C74}
	EndGlobalSection
EndGlobal
